
Microsoft Visual Studio Solution File, Format Version 12.00
# Visual Studio Version 17
VisualStudioVersion = 17.5.2.0
MinimumVisualStudioVersion = 10.0.40219.1
Project("{FAE04EC0-301F-11D3-BF4B-00C04F79EFBC}") = "BootcampSE", "BootcampSE\BootcampSE.csproj", "{917829D2-D683-D621-C756-910ADFE67C3A}"
EndProject
Project("{FAE04EC0-301F-11D3-BF4B-00C04F79EFBC}") = "LogicExercise", "LogicExercise\LogicExercise.csproj", "{0ACE73A4-A754-48EE-8DAA-E0AF64DCD71F}"
EndProject
Global
	GlobalSection(SolutionConfigurationPlatforms) = preSolution
		Debug|Any CPU = Debug|Any CPU
		Debug|x64 = Debug|x64
		Debug|x86 = Debug|x86
		Release|Any CPU = Release|Any CPU
		Release|x64 = Release|x64
		Release|x86 = Release|x86
	EndGlobalSection
	GlobalSection(ProjectConfigurationPlatforms) = postSolution
		{917829D2-D683-D621-C756-910ADFE67C3A}.Debug|Any CPU.ActiveCfg = Debug|Any CPU
		{917829D2-D683-D621-C756-910ADFE67C3A}.Debug|Any CPU.Build.0 = Debug|Any CPU
		{917829D2-D683-D621-C756-910ADFE67C3A}.Debug|x64.ActiveCfg = Debug|Any CPU
		{917829D2-D683-D621-C756-910ADFE67C3A}.Debug|x64.Build.0 = Debug|Any CPU
		{917829D2-D683-D621-C756-910ADFE67C3A}.Debug|x86.ActiveCfg = Debug|Any CPU
		{917829D2-D683-D621-C756-910ADFE67C3A}.Debug|x86.Build.0 = Debug|Any CPU
		{917829D2-D683-D621-C756-910ADFE67C3A}.Release|Any CPU.ActiveCfg = Release|Any CPU
		{917829D2-D683-D621-C756-910ADFE67C3A}.Release|Any CPU.Build.0 = Release|Any CPU
		{917829D2-D683-D621-C756-910ADFE67C3A}.Release|x64.ActiveCfg = Release|Any CPU
		{917829D2-D683-D621-C756-910ADFE67C3A}.Release|x64.Build.0 = Release|Any CPU
		{917829D2-D683-D621-C756-910ADFE67C3A}.Release|x86.ActiveCfg = Release|Any CPU
		{917829D2-D683-D621-C756-910ADFE67C3A}.Release|x86.Build.0 = Release|Any CPU
		{0ACE73A4-A754-48EE-8DAA-E0AF64DCD71F}.Debug|Any CPU.ActiveCfg = Debug|Any CPU
		{0ACE73A4-A754-48EE-8DAA-E0AF64DCD71F}.Debug|Any CPU.Build.0 = Debug|Any CPU
		{0ACE73A4-A754-48EE-8DAA-E0AF64DCD71F}.Debug|x64.ActiveCfg = Debug|Any CPU
		{0ACE73A4-A754-48EE-8DAA-E0AF64DCD71F}.Debug|x64.Build.0 = Debug|Any CPU
		{0ACE73A4-A754-48EE-8DAA-E0AF64DCD71F}.Debug|x86.ActiveCfg = Debug|Any CPU
		{0ACE73A4-A754-48EE-8DAA-E0AF64DCD71F}.Debug|x86.Build.0 = Debug|Any CPU
		{0ACE73A4-A754-48EE-8DAA-E0AF64DCD71F}.Release|Any CPU.ActiveCfg = Release|Any CPU
		{0ACE73A4-A754-48EE-8DAA-E0AF64DCD71F}.Release|Any CPU.Build.0 = Release|Any CPU
		{0ACE73A4-A754-48EE-8DAA-E0AF64DCD71F}.Release|x64.ActiveCfg = Release|Any CPU
		{0ACE73A4-A754-48EE-8DAA-E0AF64DCD71F}.Release|x64.Build.0 = Release|Any CPU
		{0ACE73A4-A754-48EE-8DAA-E0AF64DCD71F}.Release|x86.ActiveCfg = Release|Any CPU
		{0ACE73A4-A754-48EE-8DAA-E0AF64DCD71F}.Release|x86.Build.0 = Release|Any CPU
	EndGlobalSection
	GlobalSection(SolutionProperties) = preSolution
		HideSolutionNode = FALSE
	EndGlobalSection
	GlobalSection(ExtensibilityGlobals) = postSolution
		SolutionGuid = {D5D91E32-7CA6-42B6-9476-748AD96AAA8F}
	EndGlobalSection
EndGlobal
