
Microsoft Visual Studio Solution File, Format Version 12.00
# Visual Studio Version 17
VisualStudioVersion = 17.5.2.0
MinimumVisualStudioVersion = 10.0.40219.1
Project("{FAE04EC0-301F-11D3-BF4B-00C04F79EFBC}") = "BootcampSE", "BootcampSE\BootcampSE.csproj", "{917829D2-D683-D621-C756-910ADFE67C3A}"
EndProject
Project("{FAE04EC0-301F-11D3-BF4B-00C04F79EFBC}") = "Day1LogicExercise", "Day1LogicExercise\Day1LogicExercise.csproj", "{BA0ACFC2-0F12-478C-8B40-7B4B0007496B}"
EndProject
Project("{FAE04EC0-301F-11D3-BF4B-00C04F79EFBC}") = "BasicLearning", "BasicLearning\BasicLearning.csproj", "{D8038159-9703-4D51-960A-82C503BF5FDA}"
EndProject
Project("{FAE04EC0-301F-11D3-BF4B-00C04F79EFBC}") = "Classes", "Classes\Classes.csproj", "{FD59B7BD-9DF3-4E64-8834-A2077C94CC79}"
EndProject
Project("{FAE04EC0-301F-11D3-BF4B-00C04F79EFBC}") = "AdvanceLearning", "AdvanceLearning\AdvanceLearning.csproj", "{E941C40D-37FE-4709-9279-3F6C4F593636}"
EndProject
Global
	GlobalSection(SolutionConfigurationPlatforms) = preSolution
		Debug|Any CPU = Debug|Any CPU
		Debug|x64 = Debug|x64
		Debug|x86 = Debug|x86
		Release|Any CPU = Release|Any CPU
		Release|x64 = Release|x64
		Release|x86 = Release|x86
	EndGlobalSection
	GlobalSection(ProjectConfigurationPlatforms) = postSolution
		{917829D2-D683-D621-C756-910ADFE67C3A}.Debug|Any CPU.ActiveCfg = Debug|Any CPU
		{917829D2-D683-D621-C756-910ADFE67C3A}.Debug|Any CPU.Build.0 = Debug|Any CPU
		{917829D2-D683-D621-C756-910ADFE67C3A}.Debug|x64.ActiveCfg = Debug|Any CPU
		{917829D2-D683-D621-C756-910ADFE67C3A}.Debug|x64.Build.0 = Debug|Any CPU
		{917829D2-D683-D621-C756-910ADFE67C3A}.Debug|x86.ActiveCfg = Debug|Any CPU
		{917829D2-D683-D621-C756-910ADFE67C3A}.Debug|x86.Build.0 = Debug|Any CPU
		{917829D2-D683-D621-C756-910ADFE67C3A}.Release|Any CPU.ActiveCfg = Release|Any CPU
		{917829D2-D683-D621-C756-910ADFE67C3A}.Release|Any CPU.Build.0 = Release|Any CPU
		{917829D2-D683-D621-C756-910ADFE67C3A}.Release|x64.ActiveCfg = Release|Any CPU
		{917829D2-D683-D621-C756-910ADFE67C3A}.Release|x64.Build.0 = Release|Any CPU
		{917829D2-D683-D621-C756-910ADFE67C3A}.Release|x86.ActiveCfg = Release|Any CPU
		{917829D2-D683-D621-C756-910ADFE67C3A}.Release|x86.Build.0 = Release|Any CPU
		{BA0ACFC2-0F12-478C-8B40-7B4B0007496B}.Debug|Any CPU.ActiveCfg = Debug|Any CPU
		{BA0ACFC2-0F12-478C-8B40-7B4B0007496B}.Debug|Any CPU.Build.0 = Debug|Any CPU
		{BA0ACFC2-0F12-478C-8B40-7B4B0007496B}.Debug|x64.ActiveCfg = Debug|Any CPU
		{BA0ACFC2-0F12-478C-8B40-7B4B0007496B}.Debug|x64.Build.0 = Debug|Any CPU
		{BA0ACFC2-0F12-478C-8B40-7B4B0007496B}.Debug|x86.ActiveCfg = Debug|Any CPU
		{BA0ACFC2-0F12-478C-8B40-7B4B0007496B}.Debug|x86.Build.0 = Debug|Any CPU
		{BA0ACFC2-0F12-478C-8B40-7B4B0007496B}.Release|Any CPU.ActiveCfg = Release|Any CPU
		{BA0ACFC2-0F12-478C-8B40-7B4B0007496B}.Release|Any CPU.Build.0 = Release|Any CPU
		{BA0ACFC2-0F12-478C-8B40-7B4B0007496B}.Release|x64.ActiveCfg = Release|Any CPU
		{BA0ACFC2-0F12-478C-8B40-7B4B0007496B}.Release|x64.Build.0 = Release|Any CPU
		{BA0ACFC2-0F12-478C-8B40-7B4B0007496B}.Release|x86.ActiveCfg = Release|Any CPU
		{BA0ACFC2-0F12-478C-8B40-7B4B0007496B}.Release|x86.Build.0 = Release|Any CPU
		{D8038159-9703-4D51-960A-82C503BF5FDA}.Debug|Any CPU.ActiveCfg = Debug|Any CPU
		{D8038159-9703-4D51-960A-82C503BF5FDA}.Debug|Any CPU.Build.0 = Debug|Any CPU
		{D8038159-9703-4D51-960A-82C503BF5FDA}.Debug|x64.ActiveCfg = Debug|Any CPU
		{D8038159-9703-4D51-960A-82C503BF5FDA}.Debug|x64.Build.0 = Debug|Any CPU
		{D8038159-9703-4D51-960A-82C503BF5FDA}.Debug|x86.ActiveCfg = Debug|Any CPU
		{D8038159-9703-4D51-960A-82C503BF5FDA}.Debug|x86.Build.0 = Debug|Any CPU
		{D8038159-9703-4D51-960A-82C503BF5FDA}.Release|Any CPU.ActiveCfg = Release|Any CPU
		{D8038159-9703-4D51-960A-82C503BF5FDA}.Release|Any CPU.Build.0 = Release|Any CPU
		{D8038159-9703-4D51-960A-82C503BF5FDA}.Release|x64.ActiveCfg = Release|Any CPU
		{D8038159-9703-4D51-960A-82C503BF5FDA}.Release|x64.Build.0 = Release|Any CPU
		{D8038159-9703-4D51-960A-82C503BF5FDA}.Release|x86.ActiveCfg = Release|Any CPU
		{D8038159-9703-4D51-960A-82C503BF5FDA}.Release|x86.Build.0 = Release|Any CPU
		{FD59B7BD-9DF3-4E64-8834-A2077C94CC79}.Debug|Any CPU.ActiveCfg = Debug|Any CPU
		{FD59B7BD-9DF3-4E64-8834-A2077C94CC79}.Debug|Any CPU.Build.0 = Debug|Any CPU
		{FD59B7BD-9DF3-4E64-8834-A2077C94CC79}.Debug|x64.ActiveCfg = Debug|Any CPU
		{FD59B7BD-9DF3-4E64-8834-A2077C94CC79}.Debug|x64.Build.0 = Debug|Any CPU
		{FD59B7BD-9DF3-4E64-8834-A2077C94CC79}.Debug|x86.ActiveCfg = Debug|Any CPU
		{FD59B7BD-9DF3-4E64-8834-A2077C94CC79}.Debug|x86.Build.0 = Debug|Any CPU
		{FD59B7BD-9DF3-4E64-8834-A2077C94CC79}.Release|Any CPU.ActiveCfg = Release|Any CPU
		{FD59B7BD-9DF3-4E64-8834-A2077C94CC79}.Release|Any CPU.Build.0 = Release|Any CPU
		{FD59B7BD-9DF3-4E64-8834-A2077C94CC79}.Release|x64.ActiveCfg = Release|Any CPU
		{FD59B7BD-9DF3-4E64-8834-A2077C94CC79}.Release|x64.Build.0 = Release|Any CPU
		{FD59B7BD-9DF3-4E64-8834-A2077C94CC79}.Release|x86.ActiveCfg = Release|Any CPU
		{FD59B7BD-9DF3-4E64-8834-A2077C94CC79}.Release|x86.Build.0 = Release|Any CPU
		{E941C40D-37FE-4709-9279-3F6C4F593636}.Debug|Any CPU.ActiveCfg = Debug|Any CPU
		{E941C40D-37FE-4709-9279-3F6C4F593636}.Debug|Any CPU.Build.0 = Debug|Any CPU
		{E941C40D-37FE-4709-9279-3F6C4F593636}.Debug|x64.ActiveCfg = Debug|Any CPU
		{E941C40D-37FE-4709-9279-3F6C4F593636}.Debug|x64.Build.0 = Debug|Any CPU
		{E941C40D-37FE-4709-9279-3F6C4F593636}.Debug|x86.ActiveCfg = Debug|Any CPU
		{E941C40D-37FE-4709-9279-3F6C4F593636}.Debug|x86.Build.0 = Debug|Any CPU
		{E941C40D-37FE-4709-9279-3F6C4F593636}.Release|Any CPU.ActiveCfg = Release|Any CPU
		{E941C40D-37FE-4709-9279-3F6C4F593636}.Release|Any CPU.Build.0 = Release|Any CPU
		{E941C40D-37FE-4709-9279-3F6C4F593636}.Release|x64.ActiveCfg = Release|Any CPU
		{E941C40D-37FE-4709-9279-3F6C4F593636}.Release|x64.Build.0 = Release|Any CPU
		{E941C40D-37FE-4709-9279-3F6C4F593636}.Release|x86.ActiveCfg = Release|Any CPU
		{E941C40D-37FE-4709-9279-3F6C4F593636}.Release|x86.Build.0 = Release|Any CPU
	EndGlobalSection
	GlobalSection(SolutionProperties) = preSolution
		HideSolutionNode = FALSE
	EndGlobalSection
	GlobalSection(ExtensibilityGlobals) = postSolution
		SolutionGuid = {D5D91E32-7CA6-42B6-9476-748AD96AAA8F}
	EndGlobalSection
EndGlobal
